
Microsoft Visual Studio Solution File, Format Version 12.00
# Visual Studio 2017
Project("{FAE04EC0-301F-11D3-BF4B-00C04F79EFBC}") = "Udacity Maze", "Udacity Maze.csproj", "{DFDE9C4A-8DDA-4FF5-54C5-3607347631EE}"
EndProject
Project("{FAE04EC0-301F-11D3-BF4B-00C04F79EFBC}") = "Udacity Maze.Editor", "Udacity Maze.Editor.csproj", "{54A866AE-C7CA-9C14-C099-980F9E2FB44A}"
EndProject
Global
	GlobalSection(SolutionConfigurationPlatforms) = preSolution
		Debug|Any CPU = Debug|Any CPU
		Release|Any CPU = Release|Any CPU
	EndGlobalSection
	GlobalSection(ProjectConfigurationPlatforms) = postSolution
		{DFDE9C4A-8DDA-4FF5-54C5-3607347631EE}.Debug|Any CPU.ActiveCfg = Debug|Any CPU
		{DFDE9C4A-8DDA-4FF5-54C5-3607347631EE}.Debug|Any CPU.Build.0 = Debug|Any CPU
		{DFDE9C4A-8DDA-4FF5-54C5-3607347631EE}.Release|Any CPU.ActiveCfg = Release|Any CPU
		{DFDE9C4A-8DDA-4FF5-54C5-3607347631EE}.Release|Any CPU.Build.0 = Release|Any CPU
		{54A866AE-C7CA-9C14-C099-980F9E2FB44A}.Debug|Any CPU.ActiveCfg = Debug|Any CPU
		{54A866AE-C7CA-9C14-C099-980F9E2FB44A}.Debug|Any CPU.Build.0 = Debug|Any CPU
		{54A866AE-C7CA-9C14-C099-980F9E2FB44A}.Release|Any CPU.ActiveCfg = Release|Any CPU
		{54A866AE-C7CA-9C14-C099-980F9E2FB44A}.Release|Any CPU.Build.0 = Release|Any CPU
	EndGlobalSection
	GlobalSection(SolutionProperties) = preSolution
		HideSolutionNode = FALSE
	EndGlobalSection
EndGlobal
